
Microsoft Visual Studio Solution File, Format Version 12.00
# Visual Studio Version 16
VisualStudioVersion = 16.0.30225.117
MinimumVisualStudioVersion = 10.0.40219.1
Project("{FAE04EC0-301F-11D3-BF4B-00C04F79EFBC}") = "HPFinanceAsignment", "HPFinanceAsignment\HPFinanceAsignment.csproj", "{0EAABD0C-FFE5-4820-B755-93C6555E5DD6}"
EndProject
Global
	GlobalSection(SolutionConfigurationPlatforms) = preSolution
		Debug|Any CPU = Debug|Any CPU
		Release|Any CPU = Release|Any CPU
	EndGlobalSection
	GlobalSection(ProjectConfigurationPlatforms) = postSolution
		{0EAABD0C-FFE5-4820-B755-93C6555E5DD6}.Debug|Any CPU.ActiveCfg = Debug|Any CPU
		{0EAABD0C-FFE5-4820-B755-93C6555E5DD6}.Debug|Any CPU.Build.0 = Debug|Any CPU
		{0EAABD0C-FFE5-4820-B755-93C6555E5DD6}.Release|Any CPU.ActiveCfg = Release|Any CPU
		{0EAABD0C-FFE5-4820-B755-93C6555E5DD6}.Release|Any CPU.Build.0 = Release|Any CPU
	EndGlobalSection
	GlobalSection(SolutionProperties) = preSolution
		HideSolutionNode = FALSE
	EndGlobalSection
	GlobalSection(ExtensibilityGlobals) = postSolution
		SolutionGuid = {D68C88D3-B585-4290-906C-F9DBB82EA4C8}
	EndGlobalSection
EndGlobal
